// !$*UTF8*$!
{
	archiveVersion = 1;
	classes = {
	};
	objectVersion = 51;
	objects = {

/* Begin PBXBuildFile section */
		07094129267C16D6000252AF /* AppDelegate.swift in Sources */ = {isa = PBXBuildFile; fileRef = 07094128267C16D6000252AF /* AppDelegate.swift */; };
		0709412B267C16D6000252AF /* SceneDelegate.swift in Sources */ = {isa = PBXBuildFile; fileRef = 0709412A267C16D6000252AF /* SceneDelegate.swift */; };
		0709412D267C16D6000252AF /* ViewController.swift in Sources */ = {isa = PBXBuildFile; fileRef = 0709412C267C16D6000252AF /* ViewController.swift */; };
		07094130267C16D6000252AF /* Main.storyboard in Resources */ = {isa = PBXBuildFile; fileRef = 0709412E267C16D6000252AF /* Main.storyboard */; };
		07094132267C16DB000252AF /* Assets.xcassets in Resources */ = {isa = PBXBuildFile; fileRef = 07094131267C16DB000252AF /* Assets.xcassets */; };
		07094135267C16DB000252AF /* LaunchScreen.storyboard in Resources */ = {isa = PBXBuildFile; fileRef = 07094133267C16DB000252AF /* LaunchScreen.storyboard */; };
		A105048E330900E90036570F /* Pods_Chats_Tutorial.framework in Frameworks */ = {isa = PBXBuildFile; fileRef = 3B3FEDC2FEC31DDD4CCDE87B /* Pods_Chats_Tutorial.framework */; };
/* End PBXBuildFile section */

/* Begin PBXFileReference section */
		07094125267C16D6000252AF /* Chats-Tutorial.app */ = {isa = PBXFileReference; explicitFileType = wrapper.application; includeInIndex = 0; path = "Chats-Tutorial.app"; sourceTree = BUILT_PRODUCTS_DIR; };
		07094128267C16D6000252AF /* AppDelegate.swift */ = {isa = PBXFileReference; lastKnownFileType = sourcecode.swift; path = AppDelegate.swift; sourceTree = "<group>"; };
		0709412A267C16D6000252AF /* SceneDelegate.swift */ = {isa = PBXFileReference; lastKnownFileType = sourcecode.swift; path = SceneDelegate.swift; sourceTree = "<group>"; };
		0709412C267C16D6000252AF /* ViewController.swift */ = {isa = PBXFileReference; lastKnownFileType = sourcecode.swift; path = ViewController.swift; sourceTree = "<group>"; };
		0709412F267C16D6000252AF /* Base */ = {isa = PBXFileReference; lastKnownFileType = file.storyboard; name = Base; path = Base.lproj/Main.storyboard; sourceTree = "<group>"; };
		07094131267C16DB000252AF /* Assets.xcassets */ = {isa = PBXFileReference; lastKnownFileType = folder.assetcatalog; path = Assets.xcassets; sourceTree = "<group>"; };
		07094134267C16DB000252AF /* Base */ = {isa = PBXFileReference; lastKnownFileType = file.storyboard; name = Base; path = Base.lproj/LaunchScreen.storyboard; sourceTree = "<group>"; };
		07094136267C16DB000252AF /* Info.plist */ = {isa = PBXFileReference; lastKnownFileType = text.plist.xml; path = Info.plist; sourceTree = "<group>"; };
		0B6FC57A521CFD5A654FEFA1 /* Pods-Chats-Tutorial.debug.xcconfig */ = {isa = PBXFileReference; includeInIndex = 1; lastKnownFileType = text.xcconfig; name = "Pods-Chats-Tutorial.debug.xcconfig"; path = "Target Support Files/Pods-Chats-Tutorial/Pods-Chats-Tutorial.debug.xcconfig"; sourceTree = "<group>"; };
		3B3FEDC2FEC31DDD4CCDE87B /* Pods_Chats_Tutorial.framework */ = {isa = PBXFileReference; explicitFileType = wrapper.framework; includeInIndex = 0; path = Pods_Chats_Tutorial.framework; sourceTree = BUILT_PRODUCTS_DIR; };
		8AB97AE786C6464276277477 /* Pods-Chats-Tutorial.release.xcconfig */ = {isa = PBXFileReference; includeInIndex = 1; lastKnownFileType = text.xcconfig; name = "Pods-Chats-Tutorial.release.xcconfig"; path = "Target Support Files/Pods-Chats-Tutorial/Pods-Chats-Tutorial.release.xcconfig"; sourceTree = "<group>"; };
/* End PBXFileReference section */

/* Begin PBXFrameworksBuildPhase section */
		07094122267C16D6000252AF /* Frameworks */ = {
			isa = PBXFrameworksBuildPhase;
			buildActionMask = 2147483647;
			files = (
				A105048E330900E90036570F /* Pods_Chats_Tutorial.framework in Frameworks */,
			);
			runOnlyForDeploymentPostprocessing = 0;
		};
/* End PBXFrameworksBuildPhase section */

/* Begin PBXGroup section */
		0709411C267C16D6000252AF = {
			isa = PBXGroup;
			children = (
				07094127267C16D6000252AF /* Chats-Tutorial */,
				07094126267C16D6000252AF /* Products */,
				793B9E24A53856486176E728 /* Pods */,
				3830751FE45611C239432E20 /* Frameworks */,
			);
			sourceTree = "<group>";
		};
		07094126267C16D6000252AF /* Products */ = {
			isa = PBXGroup;
			children = (
				07094125267C16D6000252AF /* Chats-Tutorial.app */,
			);
			name = Products;
			sourceTree = "<group>";
		};
		07094127267C16D6000252AF /* Chats-Tutorial */ = {
			isa = PBXGroup;
			children = (
				07094128267C16D6000252AF /* AppDelegate.swift */,
				0709412A267C16D6000252AF /* SceneDelegate.swift */,
				0709412C267C16D6000252AF /* ViewController.swift */,
				0709412E267C16D6000252AF /* Main.storyboard */,
				07094131267C16DB000252AF /* Assets.xcassets */,
				07094133267C16DB000252AF /* LaunchScreen.storyboard */,
				07094136267C16DB000252AF /* Info.plist */,
			);
			path = "Chats-Tutorial";
			sourceTree = "<group>";
		};
		3830751FE45611C239432E20 /* Frameworks */ = {
			isa = PBXGroup;
			children = (
				3B3FEDC2FEC31DDD4CCDE87B /* Pods_Chats_Tutorial.framework */,
			);
			name = Frameworks;
			sourceTree = "<group>";
		};
		793B9E24A53856486176E728 /* Pods */ = {
			isa = PBXGroup;
			children = (
				0B6FC57A521CFD5A654FEFA1 /* Pods-Chats-Tutorial.debug.xcconfig */,
				8AB97AE786C6464276277477 /* Pods-Chats-Tutorial.release.xcconfig */,
			);
			path = Pods;
			sourceTree = "<group>";
		};
/* End PBXGroup section */

/* Begin PBXNativeTarget section */
		07094124267C16D6000252AF /* Chats-Tutorial */ = {
			isa = PBXNativeTarget;
			buildConfigurationList = 07094139267C16DB000252AF /* Build configuration list for PBXNativeTarget "Chats-Tutorial" */;
			buildPhases = (
				F5DC96469059F3BAFBFF0DE6 /* [CP] Check Pods Manifest.lock */,
				07094121267C16D6000252AF /* Sources */,
				07094122267C16D6000252AF /* Frameworks */,
				07094123267C16D6000252AF /* Resources */,
				99EDB7B733022D5A477E39C7 /* [CP] Embed Pods Frameworks */,
			);
			buildRules = (
			);
			dependencies = (
			);
			name = "Chats-Tutorial";
			productName = "Chats-Tutorial";
			productReference = 07094125267C16D6000252AF /* Chats-Tutorial.app */;
			productType = "com.apple.product-type.application";
		};
/* End PBXNativeTarget section */

/* Begin PBXProject section */
		0709411D267C16D6000252AF /* Project object */ = {
			isa = PBXProject;
			attributes = {
				LastSwiftUpdateCheck = 1250;
				LastUpgradeCheck = 1250;
				TargetAttributes = {
					07094124267C16D6000252AF = {
						CreatedOnToolsVersion = 12.5;
					};
				};
			};
			buildConfigurationList = 07094120267C16D6000252AF /* Build configuration list for PBXProject "Chats-Tutorial" */;
			compatibilityVersion = "Xcode 9.3";
			developmentRegion = en;
			hasScannedForEncodings = 0;
			knownRegions = (
				en,
				Base,
			);
			mainGroup = 0709411C267C16D6000252AF;
			productRefGroup = 07094126267C16D6000252AF /* Products */;
			projectDirPath = "";
			projectRoot = "";
			targets = (
				07094124267C16D6000252AF /* Chats-Tutorial */,
			);
		};
/* End PBXProject section */

/* Begin PBXResourcesBuildPhase section */
		07094123267C16D6000252AF /* Resources */ = {
			isa = PBXResourcesBuildPhase;
			buildActionMask = 2147483647;
			files = (
				07094135267C16DB000252AF /* LaunchScreen.storyboard in Resources */,
				07094132267C16DB000252AF /* Assets.xcassets in Resources */,
				07094130267C16D6000252AF /* Main.storyboard in Resources */,
			);
			runOnlyForDeploymentPostprocessing = 0;
		};
/* End PBXResourcesBuildPhase section */

/* Begin PBXShellScriptBuildPhase section */
		99EDB7B733022D5A477E39C7 /* [CP] Embed Pods Frameworks */ = {
			isa = PBXShellScriptBuildPhase;
			buildActionMask = 2147483647;
			files = (
			);
			inputFileListPaths = (
				"${PODS_ROOT}/Target Support Files/Pods-Chats-Tutorial/Pods-Chats-Tutorial-frameworks-${CONFIGURATION}-input-files.xcfilelist",
			);
			name = "[CP] Embed Pods Frameworks";
			outputFileListPaths = (
				"${PODS_ROOT}/Target Support Files/Pods-Chats-Tutorial/Pods-Chats-Tutorial-frameworks-${CONFIGURATION}-output-files.xcfilelist",
			);
			runOnlyForDeploymentPostprocessing = 0;
			shellPath = /bin/sh;
			shellScript = "\"${PODS_ROOT}/Target Support Files/Pods-Chats-Tutorial/Pods-Chats-Tutorial-frameworks.sh\"\n";
			showEnvVarsInLog = 0;
		};
		F5DC96469059F3BAFBFF0DE6 /* [CP] Check Pods Manifest.lock */ = {
			isa = PBXShellScriptBuildPhase;
			buildActionMask = 2147483647;
			files = (
			);
			inputFileListPaths = (
			);
			inputPaths = (
				"${PODS_PODFILE_DIR_PATH}/Podfile.lock",
				"${PODS_ROOT}/Manifest.lock",
			);
			name = "[CP] Check Pods Manifest.lock";
			outputFileListPaths = (
			);
			outputPaths = (
				"$(DERIVED_FILE_DIR)/Pods-Chats-Tutorial-checkManifestLockResult.txt",
			);
			runOnlyForDeploymentPostprocessing = 0;
			shellPath = /bin/sh;
			shellScript = "diff \"${PODS_PODFILE_DIR_PATH}/Podfile.lock\" \"${PODS_ROOT}/Manifest.lock\" > /dev/null\nif [ $? != 0 ] ; then\n    # print error to STDERR\n    echo \"error: The sandbox is not in sync with the Podfile.lock. Run 'pod install' or update your CocoaPods installation.\" >&2\n    exit 1\nfi\n# This output is used by Xcode 'outputs' to avoid re-running this script phase.\necho \"SUCCESS\" > \"${SCRIPT_OUTPUT_FILE_0}\"\n";
			showEnvVarsInLog = 0;
		};
/* End PBXShellScriptBuildPhase section */

/* Begin PBXSourcesBuildPhase section */
		07094121267C16D6000252AF /* Sources */ = {
			isa = PBXSourcesBuildPhase;
			buildActionMask = 2147483647;
			files = (
				0709412D267C16D6000252AF /* ViewController.swift in Sources */,
				07094129267C16D6000252AF /* AppDelegate.swift in Sources */,
				0709412B267C16D6000252AF /* SceneDelegate.swift in Sources */,
			);
			runOnlyForDeploymentPostprocessing = 0;
		};
/* End PBXSourcesBuildPhase section */

/* Begin PBXVariantGroup section */
		0709412E267C16D6000252AF /* Main.storyboard */ = {
			isa = PBXVariantGroup;
			children = (
				0709412F267C16D6000252AF /* Base */,
			);
			name = Main.storyboard;
			sourceTree = "<group>";
		};
		07094133267C16DB000252AF /* LaunchScreen.storyboard */ = {
			isa = PBXVariantGroup;
			children = (
				07094134267C16DB000252AF /* Base */,
			);
			name = LaunchScreen.storyboard;
			sourceTree = "<group>";
		};
/* End PBXVariantGroup section */

/* Begin XCBuildConfiguration section */
		07094137267C16DB000252AF /* Debug */ = {
			isa = XCBuildConfiguration;
			buildSettings = {
				ALWAYS_SEARCH_USER_PATHS = NO;
				CLANG_ANALYZER_NONNULL = YES;
				CLANG_ANALYZER_NUMBER_OBJECT_CONVERSION = YES_AGGRESSIVE;
				CLANG_CXX_LANGUAGE_STANDARD = "gnu++14";
				CLANG_CXX_LIBRARY = "libc++";
				CLANG_ENABLE_MODULES = YES;
				CLANG_ENABLE_OBJC_ARC = YES;
				CLANG_ENABLE_OBJC_WEAK = YES;
				CLANG_WARN_BLOCK_CAPTURE_AUTORELEASING = YES;
				CLANG_WARN_BOOL_CONVERSION = YES;
				CLANG_WARN_COMMA = YES;
				CLANG_WARN_CONSTANT_CONVERSION = YES;
				CLANG_WARN_DEPRECATED_OBJC_IMPLEMENTATIONS = YES;
				CLANG_WARN_DIRECT_OBJC_ISA_USAGE = YES_ERROR;
				CLANG_WARN_DOCUMENTATION_COMMENTS = YES;
				CLANG_WARN_EMPTY_BODY = YES;
				CLANG_WARN_ENUM_CONVERSION = YES;
				CLANG_WARN_INFINITE_RECURSION = YES;
				CLANG_WARN_INT_CONVERSION = YES;
				CLANG_WARN_NON_LITERAL_NULL_CONVERSION = YES;
				CLANG_WARN_OBJC_IMPLICIT_RETAIN_SELF = YES;
				CLANG_WARN_OBJC_LITERAL_CONVERSION = YES;
				CLANG_WARN_OBJC_ROOT_CLASS = YES_ERROR;
				CLANG_WARN_QUOTED_INCLUDE_IN_FRAMEWORK_HEADER = YES;
				CLANG_WARN_RANGE_LOOP_ANALYSIS = YES;
				CLANG_WARN_STRICT_PROTOTYPES = YES;
				CLANG_WARN_SUSPICIOUS_MOVE = YES;
				CLANG_WARN_UNGUARDED_AVAILABILITY = YES_AGGRESSIVE;
				CLANG_WARN_UNREACHABLE_CODE = YES;
				CLANG_WARN__DUPLICATE_METHOD_MATCH = YES;
				COPY_PHASE_STRIP = NO;
				DEBUG_INFORMATION_FORMAT = dwarf;
				ENABLE_STRICT_OBJC_MSGSEND = YES;
				ENABLE_TESTABILITY = YES;
				GCC_C_LANGUAGE_STANDARD = gnu11;
				GCC_DYNAMIC_NO_PIC = NO;
				GCC_NO_COMMON_BLOCKS = YES;
				GCC_OPTIMIZATION_LEVEL = 0;
				GCC_PREPROCESSOR_DEFINITIONS = (
					"DEBUG=1",
					"$(inherited)",
				);
				GCC_WARN_64_TO_32_BIT_CONVERSION = YES;
				GCC_WARN_ABOUT_RETURN_TYPE = YES_ERROR;
				GCC_WARN_UNDECLARED_SELECTOR = YES;
				GCC_WARN_UNINITIALIZED_AUTOS = YES_AGGRESSIVE;
				GCC_WARN_UNUSED_FUNCTION = YES;
				GCC_WARN_UNUSED_VARIABLE = YES;
				IPHONEOS_DEPLOYMENT_TARGET = 14.5;
				MTL_ENABLE_DEBUG_INFO = INCLUDE_SOURCE;
				MTL_FAST_MATH = YES;
				ONLY_ACTIVE_ARCH = YES;
				SDKROOT = iphoneos;
				SWIFT_ACTIVE_COMPILATION_CONDITIONS = DEBUG;
				SWIFT_OPTIMIZATION_LEVEL = "-Onone";
			};
			name = Debug;
		};
		07094138267C16DB000252AF /* Release */ = {
			isa = XCBuildConfiguration;
			buildSettings = {
				ALWAYS_SEARCH_USER_PATHS = NO;
				CLANG_ANALYZER_NONNULL = YES;
				CLANG_ANALYZER_NUMBER_OBJECT_CONVERSION = YES_AGGRESSIVE;
				CLANG_CXX_LANGUAGE_STANDARD = "gnu++14";
				CLANG_CXX_LIBRARY = "libc++";
				CLANG_ENABLE_MODULES = YES;
				CLANG_ENABLE_OBJC_ARC = YES;
				CLANG_ENABLE_OBJC_WEAK = YES;
				CLANG_WARN_BLOCK_CAPTURE_AUTORELEASING = YES;
				CLANG_WARN_BOOL_CONVERSION = YES;
				CLANG_WARN_COMMA = YES;
				CLANG_WARN_CONSTANT_CONVERSION = YES;
				CLANG_WARN_DEPRECATED_OBJC_IMPLEMENTATIONS = YES;
				CLANG_WARN_DIRECT_OBJC_ISA_USAGE = YES_ERROR;
				CLANG_WARN_DOCUMENTATION_COMMENTS = YES;
				CLANG_WARN_EMPTY_BODY = YES;
				CLANG_WARN_ENUM_CONVERSION = YES;
				CLANG_WARN_INFINITE_RECURSION = YES;
				CLANG_WARN_INT_CONVERSION = YES;
				CLANG_WARN_NON_LITERAL_NULL_CONVERSION = YES;
				CLANG_WARN_OBJC_IMPLICIT_RETAIN_SELF = YES;
				CLANG_WARN_OBJC_LITERAL_CONVERSION = YES;
				CLANG_WARN_OBJC_ROOT_CLASS = YES_ERROR;
				CLANG_WARN_QUOTED_INCLUDE_IN_FRAMEWORK_HEADER = YES;
				CLANG_WARN_RANGE_LOOP_ANALYSIS = YES;
				CLANG_WARN_STRICT_PROTOTYPES = YES;
				CLANG_WARN_SUSPICIOUS_MOVE = YES;
				CLANG_WARN_UNGUARDED_AVAILABILITY = YES_AGGRESSIVE;
				CLANG_WARN_UNREACHABLE_CODE = YES;
				CLANG_WARN__DUPLICATE_METHOD_MATCH = YES;
				COPY_PHASE_STRIP = NO;
				DEBUG_INFORMATION_FORMAT = "dwarf-with-dsym";
				ENABLE_NS_ASSERTIONS = NO;
				ENABLE_STRICT_OBJC_MSGSEND = YES;
				GCC_C_LANGUAGE_STANDARD = gnu11;
				GCC_NO_COMMON_BLOCKS = YES;
				GCC_WARN_64_TO_32_BIT_CONVERSION = YES;
				GCC_WARN_ABOUT_RETURN_TYPE = YES_ERROR;
				GCC_WARN_UNDECLARED_SELECTOR = YES;
				GCC_WARN_UNINITIALIZED_AUTOS = YES_AGGRESSIVE;
				GCC_WARN_UNUSED_FUNCTION = YES;
				GCC_WARN_UNUSED_VARIABLE = YES;
				IPHONEOS_DEPLOYMENT_TARGET = 14.5;
				MTL_ENABLE_DEBUG_INFO = NO;
				MTL_FAST_MATH = YES;
				SDKROOT = iphoneos;
				SWIFT_COMPILATION_MODE = wholemodule;
				SWIFT_OPTIMIZATION_LEVEL = "-O";
				VALIDATE_PRODUCT = YES;
			};
			name = Release;
		};
		0709413A267C16DB000252AF /* Debug */ = {
			isa = XCBuildConfiguration;
			baseConfigurationReference = 0B6FC57A521CFD5A654FEFA1 /* Pods-Chats-Tutorial.debug.xcconfig */;
			buildSettings = {
				ASSETCATALOG_COMPILER_APPICON_NAME = AppIcon;
				ASSETCATALOG_COMPILER_GLOBAL_ACCENT_COLOR_NAME = AccentColor;
				CODE_SIGN_STYLE = Automatic;
				DEVELOPMENT_TEAM = 7VX9S6S4LW;
				INFOPLIST_FILE = "Chats-Tutorial/Info.plist";
				IPHONEOS_DEPLOYMENT_TARGET = 14.3;
				LD_RUNPATH_SEARCH_PATHS = (
					"$(inherited)",
					"@executable_path/Frameworks",
				);
				PRODUCT_BUNDLE_IDENTIFIER = "com.OHealth.Chats-Tutorial";
				PRODUCT_NAME = "$(TARGET_NAME)";
				SWIFT_VERSION = 5.0;
				TARGETED_DEVICE_FAMILY = "1,2";
			};
			name = Debug;
		};
		0709413B267C16DB000252AF /* Release */ = {
			isa = XCBuildConfiguration;
			baseConfigurationReference = 8AB97AE786C6464276277477 /* Pods-Chats-Tutorial.release.xcconfig */;
			buildSettings = {
				ASSETCATALOG_COMPILER_APPICON_NAME = AppIcon;
				ASSETCATALOG_COMPILER_GLOBAL_ACCENT_COLOR_NAME = AccentColor;
				CODE_SIGN_STYLE = Automatic;
				DEVELOPMENT_TEAM = 7VX9S6S4LW;
				INFOPLIST_FILE = "Chats-Tutorial/Info.plist";
				IPHONEOS_DEPLOYMENT_TARGET = 14.3;
				LD_RUNPATH_SEARCH_PATHS = (
					"$(inherited)",
					"@executable_path/Frameworks",
				);
				PRODUCT_BUNDLE_IDENTIFIER = "com.OHealth.Chats-Tutorial";
				PRODUCT_NAME = "$(TARGET_NAME)";
				SWIFT_VERSION = 5.0;
				TARGETED_DEVICE_FAMILY = "1,2";
			};
			name = Release;
		};
/* End XCBuildConfiguration section */

/* Begin XCConfigurationList section */
		07094120267C16D6000252AF /* Build configuration list for PBXProject "Chats-Tutorial" */ = {
			isa = XCConfigurationList;
			buildConfigurations = (
				07094137267C16DB000252AF /* Debug */,
				07094138267C16DB000252AF /* Release */,
			);
			defaultConfigurationIsVisible = 0;
			defaultConfigurationName = Release;
		};
		07094139267C16DB000252AF /* Build configuration list for PBXNativeTarget "Chats-Tutorial" */ = {
			isa = XCConfigurationList;
			buildConfigurations = (
				0709413A267C16DB000252AF /* Debug */,
				0709413B267C16DB000252AF /* Release */,
			);
			defaultConfigurationIsVisible = 0;
			defaultConfigurationName = Release;
		};
/* End XCConfigurationList section */
	};
	rootObject = 0709411D267C16D6000252AF /* Project object */;
}
